// !$*UTF8*$!
{
	archiveVersion = 1;
	classes = {
	};
	objectVersion = 50;
	objects = {

/* Begin PBXBuildFile section */
		2A188770258AFE1A0011C6AC /* g_brushtappitsu_freeR.ttf in Resources */ = {isa = PBXBuildFile; fileRef = 2A18876F258AFE1A0011C6AC /* g_brushtappitsu_freeR.ttf */; };
		2A6A984F258AF3C70082CF27 /* anikakuApp.swift in Sources */ = {isa = PBXBuildFile; fileRef = 2A6A984E258AF3C70082CF27 /* anikakuApp.swift */; };
		2A6A9851258AF3C70082CF27 /* ContentView.swift in Sources */ = {isa = PBXBuildFile; fileRef = 2A6A9850258AF3C70082CF27 /* ContentView.swift */; };
		2A6A9853258AF3C80082CF27 /* Assets.xcassets in Resources */ = {isa = PBXBuildFile; fileRef = 2A6A9852258AF3C80082CF27 /* Assets.xcassets */; };
		2A6A9856258AF3C80082CF27 /* Preview Assets.xcassets in Resources */ = {isa = PBXBuildFile; fileRef = 2A6A9855258AF3C80082CF27 /* Preview Assets.xcassets */; };
		2A6A9861258AF3C90082CF27 /* anikakuTests.swift in Sources */ = {isa = PBXBuildFile; fileRef = 2A6A9860258AF3C90082CF27 /* anikakuTests.swift */; };
		2A6A986C258AF3C90082CF27 /* anikakuUITests.swift in Sources */ = {isa = PBXBuildFile; fileRef = 2A6A986B258AF3C90082CF27 /* anikakuUITests.swift */; };
/* End PBXBuildFile section */

/* Begin PBXContainerItemProxy section */
		2A6A985D258AF3C90082CF27 /* PBXContainerItemProxy */ = {
			isa = PBXContainerItemProxy;
			containerPortal = 2A6A9843258AF3C70082CF27 /* Project object */;
			proxyType = 1;
			remoteGlobalIDString = 2A6A984A258AF3C70082CF27;
			remoteInfo = anikaku;
		};
		2A6A9868258AF3C90082CF27 /* PBXContainerItemProxy */ = {
			isa = PBXContainerItemProxy;
			containerPortal = 2A6A9843258AF3C70082CF27 /* Project object */;
			proxyType = 1;
			remoteGlobalIDString = 2A6A984A258AF3C70082CF27;
			remoteInfo = anikaku;
		};
/* End PBXContainerItemProxy section */

/* Begin PBXFileReference section */
		2A18876F258AFE1A0011C6AC /* g_brushtappitsu_freeR.ttf */ = {isa = PBXFileReference; lastKnownFileType = file; path = g_brushtappitsu_freeR.ttf; sourceTree = "<group>"; };
		2A6A984B258AF3C70082CF27 /* anikaku.app */ = {isa = PBXFileReference; explicitFileType = wrapper.application; includeInIndex = 0; path = anikaku.app; sourceTree = BUILT_PRODUCTS_DIR; };
		2A6A984E258AF3C70082CF27 /* anikakuApp.swift */ = {isa = PBXFileReference; lastKnownFileType = sourcecode.swift; path = anikakuApp.swift; sourceTree = "<group>"; };
		2A6A9850258AF3C70082CF27 /* ContentView.swift */ = {isa = PBXFileReference; lastKnownFileType = sourcecode.swift; path = ContentView.swift; sourceTree = "<group>"; };
		2A6A9852258AF3C80082CF27 /* Assets.xcassets */ = {isa = PBXFileReference; lastKnownFileType = folder.assetcatalog; path = Assets.xcassets; sourceTree = "<group>"; };
		2A6A9855258AF3C80082CF27 /* Preview Assets.xcassets */ = {isa = PBXFileReference; lastKnownFileType = folder.assetcatalog; path = "Preview Assets.xcassets"; sourceTree = "<group>"; };
		2A6A9857258AF3C80082CF27 /* Info.plist */ = {isa = PBXFileReference; lastKnownFileType = text.plist.xml; path = Info.plist; sourceTree = "<group>"; };
		2A6A985C258AF3C90082CF27 /* anikakuTests.xctest */ = {isa = PBXFileReference; explicitFileType = wrapper.cfbundle; includeInIndex = 0; path = anikakuTests.xctest; sourceTree = BUILT_PRODUCTS_DIR; };
		2A6A9860258AF3C90082CF27 /* anikakuTests.swift */ = {isa = PBXFileReference; lastKnownFileType = sourcecode.swift; path = anikakuTests.swift; sourceTree = "<group>"; };
		2A6A9862258AF3C90082CF27 /* Info.plist */ = {isa = PBXFileReference; lastKnownFileType = text.plist.xml; path = Info.plist; sourceTree = "<group>"; };
		2A6A9867258AF3C90082CF27 /* anikakuUITests.xctest */ = {isa = PBXFileReference; explicitFileType = wrapper.cfbundle; includeInIndex = 0; path = anikakuUITests.xctest; sourceTree = BUILT_PRODUCTS_DIR; };
		2A6A986B258AF3C90082CF27 /* anikakuUITests.swift */ = {isa = PBXFileReference; lastKnownFileType = sourcecode.swift; path = anikakuUITests.swift; sourceTree = "<group>"; };
		2A6A986D258AF3C90082CF27 /* Info.plist */ = {isa = PBXFileReference; lastKnownFileType = text.plist.xml; path = Info.plist; sourceTree = "<group>"; };
/* End PBXFileReference section */

/* Begin PBXFrameworksBuildPhase section */
		2A6A9848258AF3C70082CF27 /* Frameworks */ = {
			isa = PBXFrameworksBuildPhase;
			buildActionMask = 2147483647;
			files = (
			);
			runOnlyForDeploymentPostprocessing = 0;
		};
		2A6A9859258AF3C90082CF27 /* Frameworks */ = {
			isa = PBXFrameworksBuildPhase;
			buildActionMask = 2147483647;
			files = (
			);
			runOnlyForDeploymentPostprocessing = 0;
		};
		2A6A9864258AF3C90082CF27 /* Frameworks */ = {
			isa = PBXFrameworksBuildPhase;
			buildActionMask = 2147483647;
			files = (
			);
			runOnlyForDeploymentPostprocessing = 0;
		};
/* End PBXFrameworksBuildPhase section */

/* Begin PBXGroup section */
		2A18876B258AFDC30011C6AC /* fonts */ = {
			isa = PBXGroup;
			children = (
				2A18876F258AFE1A0011C6AC /* g_brushtappitsu_freeR.ttf */,
			);
			path = fonts;
			sourceTree = "<group>";
		};
		2A6A9842258AF3C70082CF27 = {
			isa = PBXGroup;
			children = (
				2A6A984D258AF3C70082CF27 /* anikaku */,
				2A6A985F258AF3C90082CF27 /* anikakuTests */,
				2A6A986A258AF3C90082CF27 /* anikakuUITests */,
				2A6A984C258AF3C70082CF27 /* Products */,
			);
			sourceTree = "<group>";
		};
		2A6A984C258AF3C70082CF27 /* Products */ = {
			isa = PBXGroup;
			children = (
				2A6A984B258AF3C70082CF27 /* anikaku.app */,
				2A6A985C258AF3C90082CF27 /* anikakuTests.xctest */,
				2A6A9867258AF3C90082CF27 /* anikakuUITests.xctest */,
			);
			name = Products;
			sourceTree = "<group>";
		};
		2A6A984D258AF3C70082CF27 /* anikaku */ = {
			isa = PBXGroup;
			children = (
				2A18876B258AFDC30011C6AC /* fonts */,
				2A6A984E258AF3C70082CF27 /* anikakuApp.swift */,
				2A6A9850258AF3C70082CF27 /* ContentView.swift */,
				2A6A9852258AF3C80082CF27 /* Assets.xcassets */,
				2A6A9857258AF3C80082CF27 /* Info.plist */,
				2A6A9854258AF3C80082CF27 /* Preview Content */,
			);
			path = anikaku;
			sourceTree = "<group>";
		};
		2A6A9854258AF3C80082CF27 /* Preview Content */ = {
			isa = PBXGroup;
			children = (
				2A6A9855258AF3C80082CF27 /* Preview Assets.xcassets */,
			);
			path = "Preview Content";
			sourceTree = "<group>";
		};
		2A6A985F258AF3C90082CF27 /* anikakuTests */ = {
			isa = PBXGroup;
			children = (
				2A6A9860258AF3C90082CF27 /* anikakuTests.swift */,
				2A6A9862258AF3C90082CF27 /* Info.plist */,
			);
			path = anikakuTests;
			sourceTree = "<group>";
		};
		2A6A986A258AF3C90082CF27 /* anikakuUITests */ = {
			isa = PBXGroup;
			children = (
				2A6A986B258AF3C90082CF27 /* anikakuUITests.swift */,
				2A6A986D258AF3C90082CF27 /* Info.plist */,
			);
			path = anikakuUITests;
			sourceTree = "<group>";
		};
/* End PBXGroup section */

/* Begin PBXNativeTarget section */
		2A6A984A258AF3C70082CF27 /* anikaku */ = {
			isa = PBXNativeTarget;
			buildConfigurationList = 2A6A9870258AF3C90082CF27 /* Build configuration list for PBXNativeTarget "anikaku" */;
			buildPhases = (
				2A6A9847258AF3C70082CF27 /* Sources */,
				2A6A9848258AF3C70082CF27 /* Frameworks */,
				2A6A9849258AF3C70082CF27 /* Resources */,
			);
			buildRules = (
			);
			dependencies = (
			);
			name = anikaku;
			productName = anikaku;
			productReference = 2A6A984B258AF3C70082CF27 /* anikaku.app */;
			productType = "com.apple.product-type.application";
		};
		2A6A985B258AF3C90082CF27 /* anikakuTests */ = {
			isa = PBXNativeTarget;
			buildConfigurationList = 2A6A9873258AF3C90082CF27 /* Build configuration list for PBXNativeTarget "anikakuTests" */;
			buildPhases = (
				2A6A9858258AF3C90082CF27 /* Sources */,
				2A6A9859258AF3C90082CF27 /* Frameworks */,
				2A6A985A258AF3C90082CF27 /* Resources */,
			);
			buildRules = (
			);
			dependencies = (
				2A6A985E258AF3C90082CF27 /* PBXTargetDependency */,
			);
			name = anikakuTests;
			productName = anikakuTests;
			productReference = 2A6A985C258AF3C90082CF27 /* anikakuTests.xctest */;
			productType = "com.apple.product-type.bundle.unit-test";
		};
		2A6A9866258AF3C90082CF27 /* anikakuUITests */ = {
			isa = PBXNativeTarget;
			buildConfigurationList = 2A6A9876258AF3C90082CF27 /* Build configuration list for PBXNativeTarget "anikakuUITests" */;
			buildPhases = (
				2A6A9863258AF3C90082CF27 /* Sources */,
				2A6A9864258AF3C90082CF27 /* Frameworks */,
				2A6A9865258AF3C90082CF27 /* Resources */,
			);
			buildRules = (
			);
			dependencies = (
				2A6A9869258AF3C90082CF27 /* PBXTargetDependency */,
			);
			name = anikakuUITests;
			productName = anikakuUITests;
			productReference = 2A6A9867258AF3C90082CF27 /* anikakuUITests.xctest */;
			productType = "com.apple.product-type.bundle.ui-testing";
		};
/* End PBXNativeTarget section */

/* Begin PBXProject section */
		2A6A9843258AF3C70082CF27 /* Project object */ = {
			isa = PBXProject;
			attributes = {
				LastSwiftUpdateCheck = 1230;
				LastUpgradeCheck = 1230;
				TargetAttributes = {
					2A6A984A258AF3C70082CF27 = {
						CreatedOnToolsVersion = 12.3;
					};
					2A6A985B258AF3C90082CF27 = {
						CreatedOnToolsVersion = 12.3;
						TestTargetID = 2A6A984A258AF3C70082CF27;
					};
					2A6A9866258AF3C90082CF27 = {
						CreatedOnToolsVersion = 12.3;
						TestTargetID = 2A6A984A258AF3C70082CF27;
					};
				};
			};
			buildConfigurationList = 2A6A9846258AF3C70082CF27 /* Build configuration list for PBXProject "anikaku" */;
			compatibilityVersion = "Xcode 9.3";
			developmentRegion = en;
			hasScannedForEncodings = 0;
			knownRegions = (
				en,
				Base,
			);
			mainGroup = 2A6A9842258AF3C70082CF27;
			productRefGroup = 2A6A984C258AF3C70082CF27 /* Products */;
			projectDirPath = "";
			projectRoot = "";
			targets = (
				2A6A984A258AF3C70082CF27 /* anikaku */,
				2A6A985B258AF3C90082CF27 /* anikakuTests */,
				2A6A9866258AF3C90082CF27 /* anikakuUITests */,
			);
		};
/* End PBXProject section */

/* Begin PBXResourcesBuildPhase section */
		2A6A9849258AF3C70082CF27 /* Resources */ = {
			isa = PBXResourcesBuildPhase;
			buildActionMask = 2147483647;
			files = (
				2A188770258AFE1A0011C6AC /* g_brushtappitsu_freeR.ttf in Resources */,
				2A6A9856258AF3C80082CF27 /* Preview Assets.xcassets in Resources */,
				2A6A9853258AF3C80082CF27 /* Assets.xcassets in Resources */,
			);
			runOnlyForDeploymentPostprocessing = 0;
		};
		2A6A985A258AF3C90082CF27 /* Resources */ = {
			isa = PBXResourcesBuildPhase;
			buildActionMask = 2147483647;
			files = (
			);
			runOnlyForDeploymentPostprocessing = 0;
		};
		2A6A9865258AF3C90082CF27 /* Resources */ = {
			isa = PBXResourcesBuildPhase;
			buildActionMask = 2147483647;
			files = (
			);
			runOnlyForDeploymentPostprocessing = 0;
		};
/* End PBXResourcesBuildPhase section */

/* Begin PBXSourcesBuildPhase section */
		2A6A9847258AF3C70082CF27 /* Sources */ = {
			isa = PBXSourcesBuildPhase;
			buildActionMask = 2147483647;
			files = (
				2A6A9851258AF3C70082CF27 /* ContentView.swift in Sources */,
				2A6A984F258AF3C70082CF27 /* anikakuApp.swift in Sources */,
			);
			runOnlyForDeploymentPostprocessing = 0;
		};
		2A6A9858258AF3C90082CF27 /* Sources */ = {
			isa = PBXSourcesBuildPhase;
			buildActionMask = 2147483647;
			files = (
				2A6A9861258AF3C90082CF27 /* anikakuTests.swift in Sources */,
			);
			runOnlyForDeploymentPostprocessing = 0;
		};
		2A6A9863258AF3C90082CF27 /* Sources */ = {
			isa = PBXSourcesBuildPhase;
			buildActionMask = 2147483647;
			files = (
				2A6A986C258AF3C90082CF27 /* anikakuUITests.swift in Sources */,
			);
			runOnlyForDeploymentPostprocessing = 0;
		};
/* End PBXSourcesBuildPhase section */

/* Begin PBXTargetDependency section */
		2A6A985E258AF3C90082CF27 /* PBXTargetDependency */ = {
			isa = PBXTargetDependency;
			target = 2A6A984A258AF3C70082CF27 /* anikaku */;
			targetProxy = 2A6A985D258AF3C90082CF27 /* PBXContainerItemProxy */;
		};
		2A6A9869258AF3C90082CF27 /* PBXTargetDependency */ = {
			isa = PBXTargetDependency;
			target = 2A6A984A258AF3C70082CF27 /* anikaku */;
			targetProxy = 2A6A9868258AF3C90082CF27 /* PBXContainerItemProxy */;
		};
/* End PBXTargetDependency section */

/* Begin XCBuildConfiguration section */
		2A6A986E258AF3C90082CF27 /* Debug */ = {
			isa = XCBuildConfiguration;
			buildSettings = {
				ALWAYS_SEARCH_USER_PATHS = NO;
				CLANG_ANALYZER_NONNULL = YES;
				CLANG_ANALYZER_NUMBER_OBJECT_CONVERSION = YES_AGGRESSIVE;
				CLANG_CXX_LANGUAGE_STANDARD = "gnu++14";
				CLANG_CXX_LIBRARY = "libc++";
				CLANG_ENABLE_MODULES = YES;
				CLANG_ENABLE_OBJC_ARC = YES;
				CLANG_ENABLE_OBJC_WEAK = YES;
				CLANG_WARN_BLOCK_CAPTURE_AUTORELEASING = YES;
				CLANG_WARN_BOOL_CONVERSION = YES;
				CLANG_WARN_COMMA = YES;
				CLANG_WARN_CONSTANT_CONVERSION = YES;
				CLANG_WARN_DEPRECATED_OBJC_IMPLEMENTATIONS = YES;
				CLANG_WARN_DIRECT_OBJC_ISA_USAGE = YES_ERROR;
				CLANG_WARN_DOCUMENTATION_COMMENTS = YES;
				CLANG_WARN_EMPTY_BODY = YES;
				CLANG_WARN_ENUM_CONVERSION = YES;
				CLANG_WARN_INFINITE_RECURSION = YES;
				CLANG_WARN_INT_CONVERSION = YES;
				CLANG_WARN_NON_LITERAL_NULL_CONVERSION = YES;
				CLANG_WARN_OBJC_IMPLICIT_RETAIN_SELF = YES;
				CLANG_WARN_OBJC_LITERAL_CONVERSION = YES;
				CLANG_WARN_OBJC_ROOT_CLASS = YES_ERROR;
				CLANG_WARN_QUOTED_INCLUDE_IN_FRAMEWORK_HEADER = YES;
				CLANG_WARN_RANGE_LOOP_ANALYSIS = YES;
				CLANG_WARN_STRICT_PROTOTYPES = YES;
				CLANG_WARN_SUSPICIOUS_MOVE = YES;
				CLANG_WARN_UNGUARDED_AVAILABILITY = YES_AGGRESSIVE;
				CLANG_WARN_UNREACHABLE_CODE = YES;
				CLANG_WARN__DUPLICATE_METHOD_MATCH = YES;
				COPY_PHASE_STRIP = NO;
				DEBUG_INFORMATION_FORMAT = dwarf;
				ENABLE_STRICT_OBJC_MSGSEND = YES;
				ENABLE_TESTABILITY = YES;
				GCC_C_LANGUAGE_STANDARD = gnu11;
				GCC_DYNAMIC_NO_PIC = NO;
				GCC_NO_COMMON_BLOCKS = YES;
				GCC_OPTIMIZATION_LEVEL = 0;
				GCC_PREPROCESSOR_DEFINITIONS = (
					"DEBUG=1",
					"$(inherited)",
				);
				GCC_WARN_64_TO_32_BIT_CONVERSION = YES;
				GCC_WARN_ABOUT_RETURN_TYPE = YES_ERROR;
				GCC_WARN_UNDECLARED_SELECTOR = YES;
				GCC_WARN_UNINITIALIZED_AUTOS = YES_AGGRESSIVE;
				GCC_WARN_UNUSED_FUNCTION = YES;
				GCC_WARN_UNUSED_VARIABLE = YES;
				IPHONEOS_DEPLOYMENT_TARGET = 14.3;
				MTL_ENABLE_DEBUG_INFO = INCLUDE_SOURCE;
				MTL_FAST_MATH = YES;
				ONLY_ACTIVE_ARCH = YES;
				SDKROOT = iphoneos;
				SWIFT_ACTIVE_COMPILATION_CONDITIONS = DEBUG;
				SWIFT_OPTIMIZATION_LEVEL = "-Onone";
			};
			name = Debug;
		};
		2A6A986F258AF3C90082CF27 /* Release */ = {
			isa = XCBuildConfiguration;
			buildSettings = {
				ALWAYS_SEARCH_USER_PATHS = NO;
				CLANG_ANALYZER_NONNULL = YES;
				CLANG_ANALYZER_NUMBER_OBJECT_CONVERSION = YES_AGGRESSIVE;
				CLANG_CXX_LANGUAGE_STANDARD = "gnu++14";
				CLANG_CXX_LIBRARY = "libc++";
				CLANG_ENABLE_MODULES = YES;
				CLANG_ENABLE_OBJC_ARC = YES;
				CLANG_ENABLE_OBJC_WEAK = YES;
				CLANG_WARN_BLOCK_CAPTURE_AUTORELEASING = YES;
				CLANG_WARN_BOOL_CONVERSION = YES;
				CLANG_WARN_COMMA = YES;
				CLANG_WARN_CONSTANT_CONVERSION = YES;
				CLANG_WARN_DEPRECATED_OBJC_IMPLEMENTATIONS = YES;
				CLANG_WARN_DIRECT_OBJC_ISA_USAGE = YES_ERROR;
				CLANG_WARN_DOCUMENTATION_COMMENTS = YES;
				CLANG_WARN_EMPTY_BODY = YES;
				CLANG_WARN_ENUM_CONVERSION = YES;
				CLANG_WARN_INFINITE_RECURSION = YES;
				CLANG_WARN_INT_CONVERSION = YES;
				CLANG_WARN_NON_LITERAL_NULL_CONVERSION = YES;
				CLANG_WARN_OBJC_IMPLICIT_RETAIN_SELF = YES;
				CLANG_WARN_OBJC_LITERAL_CONVERSION = YES;
				CLANG_WARN_OBJC_ROOT_CLASS = YES_ERROR;
				CLANG_WARN_QUOTED_INCLUDE_IN_FRAMEWORK_HEADER = YES;
				CLANG_WARN_RANGE_LOOP_ANALYSIS = YES;
				CLANG_WARN_STRICT_PROTOTYPES = YES;
				CLANG_WARN_SUSPICIOUS_MOVE = YES;
				CLANG_WARN_UNGUARDED_AVAILABILITY = YES_AGGRESSIVE;
				CLANG_WARN_UNREACHABLE_CODE = YES;
				CLANG_WARN__DUPLICATE_METHOD_MATCH = YES;
				COPY_PHASE_STRIP = NO;
				DEBUG_INFORMATION_FORMAT = "dwarf-with-dsym";
				ENABLE_NS_ASSERTIONS = NO;
				ENABLE_STRICT_OBJC_MSGSEND = YES;
				GCC_C_LANGUAGE_STANDARD = gnu11;
				GCC_NO_COMMON_BLOCKS = YES;
				GCC_WARN_64_TO_32_BIT_CONVERSION = YES;
				GCC_WARN_ABOUT_RETURN_TYPE = YES_ERROR;
				GCC_WARN_UNDECLARED_SELECTOR = YES;
				GCC_WARN_UNINITIALIZED_AUTOS = YES_AGGRESSIVE;
				GCC_WARN_UNUSED_FUNCTION = YES;
				GCC_WARN_UNUSED_VARIABLE = YES;
				IPHONEOS_DEPLOYMENT_TARGET = 14.3;
				MTL_ENABLE_DEBUG_INFO = NO;
				MTL_FAST_MATH = YES;
				SDKROOT = iphoneos;
				SWIFT_COMPILATION_MODE = wholemodule;
				SWIFT_OPTIMIZATION_LEVEL = "-O";
				VALIDATE_PRODUCT = YES;
			};
			name = Release;
		};
		2A6A9871258AF3C90082CF27 /* Debug */ = {
			isa = XCBuildConfiguration;
			buildSettings = {
				ASSETCATALOG_COMPILER_APPICON_NAME = AppIcon;
				ASSETCATALOG_COMPILER_GLOBAL_ACCENT_COLOR_NAME = AccentColor;
				CODE_SIGN_STYLE = Automatic;
				DEVELOPMENT_ASSET_PATHS = "\"anikaku/Preview Content\"";
				DEVELOPMENT_TEAM = T6AVJ6W7J6;
				ENABLE_PREVIEWS = YES;
				INFOPLIST_FILE = anikaku/Info.plist;
				IPHONEOS_DEPLOYMENT_TARGET = 14.0;
				LD_RUNPATH_SEARCH_PATHS = (
					"$(inherited)",
					"@executable_path/Frameworks",
				);
				PRODUCT_BUNDLE_IDENTIFIER = dev.nekoron.anikaku;
				PRODUCT_NAME = "$(TARGET_NAME)";
				SWIFT_VERSION = 5.0;
				TARGETED_DEVICE_FAMILY = "1,2";
			};
			name = Debug;
		};
		2A6A9872258AF3C90082CF27 /* Release */ = {
			isa = XCBuildConfiguration;
			buildSettings = {
				ASSETCATALOG_COMPILER_APPICON_NAME = AppIcon;
				ASSETCATALOG_COMPILER_GLOBAL_ACCENT_COLOR_NAME = AccentColor;
				CODE_SIGN_STYLE = Automatic;
				DEVELOPMENT_ASSET_PATHS = "\"anikaku/Preview Content\"";
				DEVELOPMENT_TEAM = T6AVJ6W7J6;
				ENABLE_PREVIEWS = YES;
				INFOPLIST_FILE = anikaku/Info.plist;
				IPHONEOS_DEPLOYMENT_TARGET = 14.0;
				LD_RUNPATH_SEARCH_PATHS = (
					"$(inherited)",
					"@executable_path/Frameworks",
				);
				PRODUCT_BUNDLE_IDENTIFIER = dev.nekoron.anikaku;
				PRODUCT_NAME = "$(TARGET_NAME)";
				SWIFT_VERSION = 5.0;
				TARGETED_DEVICE_FAMILY = "1,2";
			};
			name = Release;
		};
		2A6A9874258AF3C90082CF27 /* Debug */ = {
			isa = XCBuildConfiguration;
			buildSettings = {
				ALWAYS_EMBED_SWIFT_STANDARD_LIBRARIES = YES;
				BUNDLE_LOADER = "$(TEST_HOST)";
				CODE_SIGN_STYLE = Automatic;
				DEVELOPMENT_TEAM = T6AVJ6W7J6;
				INFOPLIST_FILE = anikakuTests/Info.plist;
				IPHONEOS_DEPLOYMENT_TARGET = 14.0;
				LD_RUNPATH_SEARCH_PATHS = (
					"$(inherited)",
					"@executable_path/Frameworks",
					"@loader_path/Frameworks",
				);
				PRODUCT_BUNDLE_IDENTIFIER = dev.nekoron.anikakuTests;
				PRODUCT_NAME = "$(TARGET_NAME)";
				SWIFT_VERSION = 5.0;
				TARGETED_DEVICE_FAMILY = "1,2";
				TEST_HOST = "$(BUILT_PRODUCTS_DIR)/anikaku.app/anikaku";
			};
			name = Debug;
		};
		2A6A9875258AF3C90082CF27 /* Release */ = {
			isa = XCBuildConfiguration;
			buildSettings = {
				ALWAYS_EMBED_SWIFT_STANDARD_LIBRARIES = YES;
				BUNDLE_LOADER = "$(TEST_HOST)";
				CODE_SIGN_STYLE = Automatic;
				DEVELOPMENT_TEAM = T6AVJ6W7J6;
				INFOPLIST_FILE = anikakuTests/Info.plist;
				IPHONEOS_DEPLOYMENT_TARGET = 14.0;
				LD_RUNPATH_SEARCH_PATHS = (
					"$(inherited)",
					"@executable_path/Frameworks",
					"@loader_path/Frameworks",
				);
				PRODUCT_BUNDLE_IDENTIFIER = dev.nekoron.anikakuTests;
				PRODUCT_NAME = "$(TARGET_NAME)";
				SWIFT_VERSION = 5.0;
				TARGETED_DEVICE_FAMILY = "1,2";
				TEST_HOST = "$(BUILT_PRODUCTS_DIR)/anikaku.app/anikaku";
			};
			name = Release;
		};
		2A6A9877258AF3C90082CF27 /* Debug */ = {
			isa = XCBuildConfiguration;
			buildSettings = {
				ALWAYS_EMBED_SWIFT_STANDARD_LIBRARIES = YES;
				CODE_SIGN_STYLE = Automatic;
				DEVELOPMENT_TEAM = T6AVJ6W7J6;
				INFOPLIST_FILE = anikakuUITests/Info.plist;
				LD_RUNPATH_SEARCH_PATHS = (
					"$(inherited)",
					"@executable_path/Frameworks",
					"@loader_path/Frameworks",
				);
				PRODUCT_BUNDLE_IDENTIFIER = dev.nekoron.anikakuUITests;
				PRODUCT_NAME = "$(TARGET_NAME)";
				SWIFT_VERSION = 5.0;
				TARGETED_DEVICE_FAMILY = "1,2";
				TEST_TARGET_NAME = anikaku;
			};
			name = Debug;
		};
		2A6A9878258AF3C90082CF27 /* Release */ = {
			isa = XCBuildConfiguration;
			buildSettings = {
				ALWAYS_EMBED_SWIFT_STANDARD_LIBRARIES = YES;
				CODE_SIGN_STYLE = Automatic;
				DEVELOPMENT_TEAM = T6AVJ6W7J6;
				INFOPLIST_FILE = anikakuUITests/Info.plist;
				LD_RUNPATH_SEARCH_PATHS = (
					"$(inherited)",
					"@executable_path/Frameworks",
					"@loader_path/Frameworks",
				);
				PRODUCT_BUNDLE_IDENTIFIER = dev.nekoron.anikakuUITests;
				PRODUCT_NAME = "$(TARGET_NAME)";
				SWIFT_VERSION = 5.0;
				TARGETED_DEVICE_FAMILY = "1,2";
				TEST_TARGET_NAME = anikaku;
			};
			name = Release;
		};
/* End XCBuildConfiguration section */

/* Begin XCConfigurationList section */
		2A6A9846258AF3C70082CF27 /* Build configuration list for PBXProject "anikaku" */ = {
			isa = XCConfigurationList;
			buildConfigurations = (
				2A6A986E258AF3C90082CF27 /* Debug */,
				2A6A986F258AF3C90082CF27 /* Release */,
			);
			defaultConfigurationIsVisible = 0;
			defaultConfigurationName = Release;
		};
		2A6A9870258AF3C90082CF27 /* Build configuration list for PBXNativeTarget "anikaku" */ = {
			isa = XCConfigurationList;
			buildConfigurations = (
				2A6A9871258AF3C90082CF27 /* Debug */,
				2A6A9872258AF3C90082CF27 /* Release */,
			);
			defaultConfigurationIsVisible = 0;
			defaultConfigurationName = Release;
		};
		2A6A9873258AF3C90082CF27 /* Build configuration list for PBXNativeTarget "anikakuTests" */ = {
			isa = XCConfigurationList;
			buildConfigurations = (
				2A6A9874258AF3C90082CF27 /* Debug */,
				2A6A9875258AF3C90082CF27 /* Release */,
			);
			defaultConfigurationIsVisible = 0;
			defaultConfigurationName = Release;
		};
		2A6A9876258AF3C90082CF27 /* Build configuration list for PBXNativeTarget "anikakuUITests" */ = {
			isa = XCConfigurationList;
			buildConfigurations = (
				2A6A9877258AF3C90082CF27 /* Debug */,
				2A6A9878258AF3C90082CF27 /* Release */,
			);
			defaultConfigurationIsVisible = 0;
			defaultConfigurationName = Release;
		};
/* End XCConfigurationList section */
	};
	rootObject = 2A6A9843258AF3C70082CF27 /* Project object */;
}
